// !$*UTF8*$!
{
	archiveVersion = 1;
	classes = {
	};
	objectVersion = 46;
	objects = {

/* Begin PBXBuildFile section */
		83FAEB2F1E2DEF300012C3F8 /* AppDelegate.swift in Sources */ = {isa = PBXBuildFile; fileRef = 83FAEB2E1E2DEF300012C3F8 /* AppDelegate.swift */; };
		83FAEB311E2DEF300012C3F8 /* ViewController.swift in Sources */ = {isa = PBXBuildFile; fileRef = 83FAEB301E2DEF300012C3F8 /* ViewController.swift */; };
		83FAEB341E2DEF300012C3F8 /* Main.storyboard in Resources */ = {isa = PBXBuildFile; fileRef = 83FAEB321E2DEF300012C3F8 /* Main.storyboard */; };
		83FAEB361E2DEF300012C3F8 /* Assets.xcassets in Resources */ = {isa = PBXBuildFile; fileRef = 83FAEB351E2DEF300012C3F8 /* Assets.xcassets */; };
		83FAEB391E2DEF300012C3F8 /* LaunchScreen.storyboard in Resources */ = {isa = PBXBuildFile; fileRef = 83FAEB371E2DEF300012C3F8 /* LaunchScreen.storyboard */; };
/* End PBXBuildFile section */

/* Begin PBXFileReference section */
		83FAEB2B1E2DEF300012C3F8 /* PolygonViewDemo.app */ = {isa = PBXFileReference; explicitFileType = wrapper.application; includeInIndex = 0; path = PolygonViewDemo.app; sourceTree = BUILT_PRODUCTS_DIR; };
		83FAEB2E1E2DEF300012C3F8 /* AppDelegate.swift */ = {isa = PBXFileReference; lastKnownFileType = sourcecode.swift; path = AppDelegate.swift; sourceTree = "<group>"; };
		83FAEB301E2DEF300012C3F8 /* ViewController.swift */ = {isa = PBXFileReference; lastKnownFileType = sourcecode.swift; path = ViewController.swift; sourceTree = "<group>"; };
		83FAEB331E2DEF300012C3F8 /* Base */ = {isa = PBXFileReference; lastKnownFileType = file.storyboard; name = Base; path = Base.lproj/Main.storyboard; sourceTree = "<group>"; };
		83FAEB351E2DEF300012C3F8 /* Assets.xcassets */ = {isa = PBXFileReference; lastKnownFileType = folder.assetcatalog; path = Assets.xcassets; sourceTree = "<group>"; };
		83FAEB381E2DEF300012C3F8 /* Base */ = {isa = PBXFileReference; lastKnownFileType = file.storyboard; name = Base; path = Base.lproj/LaunchScreen.storyboard; sourceTree = "<group>"; };
		83FAEB3A1E2DEF300012C3F8 /* Info.plist */ = {isa = PBXFileReference; lastKnownFileType = text.plist.xml; path = Info.plist; sourceTree = "<group>"; };
/* End PBXFileReference section */

/* Begin PBXFrameworksBuildPhase section */
		83FAEB281E2DEF300012C3F8 /* Frameworks */ = {
			isa = PBXFrameworksBuildPhase;
			buildActionMask = 2147483647;
			files = (
			);
			runOnlyForDeploymentPostprocessing = 0;
		};
/* End PBXFrameworksBuildPhase section */

/* Begin PBXGroup section */
		83FAEB221E2DEF300012C3F8 = {
			isa = PBXGroup;
			children = (
				83FAEB2D1E2DEF300012C3F8 /* PolygonViewDemo */,
				83FAEB2C1E2DEF300012C3F8 /* Products */,
			);
			sourceTree = "<group>";
		};
		83FAEB2C1E2DEF300012C3F8 /* Products */ = {
			isa = PBXGroup;
			children = (
				83FAEB2B1E2DEF300012C3F8 /* PolygonViewDemo.app */,
			);
			name = Products;
			sourceTree = "<group>";
		};
		83FAEB2D1E2DEF300012C3F8 /* PolygonViewDemo */ = {
			isa = PBXGroup;
			children = (
				83FAEB2E1E2DEF300012C3F8 /* AppDelegate.swift */,
				83FAEB301E2DEF300012C3F8 /* ViewController.swift */,
				83FAEB321E2DEF300012C3F8 /* Main.storyboard */,
				83FAEB351E2DEF300012C3F8 /* Assets.xcassets */,
				83FAEB371E2DEF300012C3F8 /* LaunchScreen.storyboard */,
				83FAEB3A1E2DEF300012C3F8 /* Info.plist */,
			);
			path = PolygonViewDemo;
			sourceTree = "<group>";
		};
/* End PBXGroup section */

/* Begin PBXNativeTarget section */
		83FAEB2A1E2DEF300012C3F8 /* PolygonViewDemo */ = {
			isa = PBXNativeTarget;
			buildConfigurationList = 83FAEB3D1E2DEF300012C3F8 /* Build configuration list for PBXNativeTarget "PolygonViewDemo" */;
			buildPhases = (
				83FAEB271E2DEF300012C3F8 /* Sources */,
				83FAEB281E2DEF300012C3F8 /* Frameworks */,
				83FAEB291E2DEF300012C3F8 /* Resources */,
			);
			buildRules = (
			);
			dependencies = (
			);
			name = PolygonViewDemo;
			productName = PolygonViewDemo;
			productReference = 83FAEB2B1E2DEF300012C3F8 /* PolygonViewDemo.app */;
			productType = "com.apple.product-type.application";
		};
/* End PBXNativeTarget section */

/* Begin PBXProject section */
		83FAEB231E2DEF300012C3F8 /* Project object */ = {
			isa = PBXProject;
			attributes = {
				LastSwiftUpdateCheck = 0820;
				LastUpgradeCheck = 0820;
				ORGANIZATIONNAME = "Robert Ryan";
				TargetAttributes = {
					83FAEB2A1E2DEF300012C3F8 = {
						CreatedOnToolsVersion = 8.2.1;
						DevelopmentTeam = UZAPXQTVQ4;
						ProvisioningStyle = Automatic;
					};
				};
			};
			buildConfigurationList = 83FAEB261E2DEF300012C3F8 /* Build configuration list for PBXProject "PolygonViewDemo" */;
			compatibilityVersion = "Xcode 3.2";
			developmentRegion = English;
			hasScannedForEncodings = 0;
			knownRegions = (
				en,
				Base,
			);
			mainGroup = 83FAEB221E2DEF300012C3F8;
			productRefGroup = 83FAEB2C1E2DEF300012C3F8 /* Products */;
			projectDirPath = "";
			projectRoot = "";
			targets = (
				83FAEB2A1E2DEF300012C3F8 /* PolygonViewDemo */,
			);
		};
/* End PBXProject section */

/* Begin PBXResourcesBuildPhase section */
		83FAEB291E2DEF300012C3F8 /* Resources */ = {
			isa = PBXResourcesBuildPhase;
			buildActionMask = 2147483647;
			files = (
				83FAEB391E2DEF300012C3F8 /* LaunchScreen.storyboard in Resources */,
				83FAEB361E2DEF300012C3F8 /* Assets.xcassets in Resources */,
				83FAEB341E2DEF300012C3F8 /* Main.storyboard in Resources */,
			);
			runOnlyForDeploymentPostprocessing = 0;
		};
/* End PBXResourcesBuildPhase section */

/* Begin PBXSourcesBuildPhase section */
		83FAEB271E2DEF300012C3F8 /* Sources */ = {
			isa = PBXSourcesBuildPhase;
			buildActionMask = 2147483647;
			files = (
				83FAEB311E2DEF300012C3F8 /* ViewController.swift in Sources */,
				83FAEB2F1E2DEF300012C3F8 /* AppDelegate.swift in Sources */,
			);
			runOnlyForDeploymentPostprocessing = 0;
		};
/* End PBXSourcesBuildPhase section */

/* Begin PBXVariantGroup section */
		83FAEB321E2DEF300012C3F8 /* Main.storyboard */ = {
			isa = PBXVariantGroup;
			children = (
				83FAEB331E2DEF300012C3F8 /* Base */,
			);
			name = Main.storyboard;
			sourceTree = "<group>";
		};
		83FAEB371E2DEF300012C3F8 /* LaunchScreen.storyboard */ = {
			isa = PBXVariantGroup;
			children = (
				83FAEB381E2DEF300012C3F8 /* Base */,
			);
			name = LaunchScreen.storyboard;
			sourceTree = "<group>";
		};
/* End PBXVariantGroup section */

/* Begin XCBuildConfiguration section */
		83FAEB3B1E2DEF300012C3F8 /* Debug */ = {
			isa = XCBuildConfiguration;
			buildSettings = {
				ALWAYS_SEARCH_USER_PATHS = NO;
				CLANG_ANALYZER_NONNULL = YES;
				CLANG_CXX_LANGUAGE_STANDARD = "gnu++0x";
				CLANG_CXX_LIBRARY = "libc++";
				CLANG_ENABLE_MODULES = YES;
				CLANG_ENABLE_OBJC_ARC = YES;
				CLANG_WARN_BOOL_CONVERSION = YES;
				CLANG_WARN_CONSTANT_CONVERSION = YES;
				CLANG_WARN_DIRECT_OBJC_ISA_USAGE = YES_ERROR;
				CLANG_WARN_DOCUMENTATION_COMMENTS = YES;
				CLANG_WARN_EMPTY_BODY = YES;
				CLANG_WARN_ENUM_CONVERSION = YES;
				CLANG_WARN_INFINITE_RECURSION = YES;
				CLANG_WARN_INT_CONVERSION = YES;
				CLANG_WARN_OBJC_ROOT_CLASS = YES_ERROR;
				CLANG_WARN_SUSPICIOUS_MOVE = YES;
				CLANG_WARN_UNREACHABLE_CODE = YES;
				CLANG_WARN__DUPLICATE_METHOD_MATCH = YES;
				"CODE_SIGN_IDENTITY[sdk=iphoneos*]" = "iPhone Developer";
				COPY_PHASE_STRIP = NO;
				DEBUG_INFORMATION_FORMAT = dwarf;
				ENABLE_STRICT_OBJC_MSGSEND = YES;
				ENABLE_TESTABILITY = YES;
				GCC_C_LANGUAGE_STANDARD = gnu99;
				GCC_DYNAMIC_NO_PIC = NO;
				GCC_NO_COMMON_BLOCKS = YES;
				GCC_OPTIMIZATION_LEVEL = 0;
				GCC_PREPROCESSOR_DEFINITIONS = (
					"DEBUG=1",
					"$(inherited)",
				);
				GCC_WARN_64_TO_32_BIT_CONVERSION = YES;
				GCC_WARN_ABOUT_RETURN_TYPE = YES_ERROR;
				GCC_WARN_UNDECLARED_SELECTOR = YES;
				GCC_WARN_UNINITIALIZED_AUTOS = YES_AGGRESSIVE;
				GCC_WARN_UNUSED_FUNCTION = YES;
				GCC_WARN_UNUSED_VARIABLE = YES;
				IPHONEOS_DEPLOYMENT_TARGET = 10.2;
				MTL_ENABLE_DEBUG_INFO = YES;
				ONLY_ACTIVE_ARCH = YES;
				SDKROOT = iphoneos;
				SWIFT_ACTIVE_COMPILATION_CONDITIONS = DEBUG;
				SWIFT_OPTIMIZATION_LEVEL = "-Onone";
				TARGETED_DEVICE_FAMILY = "1,2";
			};
			name = Debug;
		};
		83FAEB3C1E2DEF300012C3F8 /* Release */ = {
			isa = XCBuildConfiguration;
			buildSettings = {
				ALWAYS_SEARCH_USER_PATHS = NO;
				CLANG_ANALYZER_NONNULL = YES;
				CLANG_CXX_LANGUAGE_STANDARD = "gnu++0x";
				CLANG_CXX_LIBRARY = "libc++";
				CLANG_ENABLE_MODULES = YES;
				CLANG_ENABLE_OBJC_ARC = YES;
				CLANG_WARN_BOOL_CONVERSION = YES;
				CLANG_WARN_CONSTANT_CONVERSION = YES;
				CLANG_WARN_DIRECT_OBJC_ISA_USAGE = YES_ERROR;
				CLANG_WARN_DOCUMENTATION_COMMENTS = YES;
				CLANG_WARN_EMPTY_BODY = YES;
				CLANG_WARN_ENUM_CONVERSION = YES;
				CLANG_WARN_INFINITE_RECURSION = YES;
				CLANG_WARN_INT_CONVERSION = YES;
				CLANG_WARN_OBJC_ROOT_CLASS = YES_ERROR;
				CLANG_WARN_SUSPICIOUS_MOVE = YES;
				CLANG_WARN_UNREACHABLE_CODE = YES;
				CLANG_WARN__DUPLICATE_METHOD_MATCH = YES;
				"CODE_SIGN_IDENTITY[sdk=iphoneos*]" = "iPhone Developer";
				COPY_PHASE_STRIP = NO;
				DEBUG_INFORMATION_FORMAT = "dwarf-with-dsym";
				ENABLE_NS_ASSERTIONS = NO;
				ENABLE_STRICT_OBJC_MSGSEND = YES;
				GCC_C_LANGUAGE_STANDARD = gnu99;
				GCC_NO_COMMON_BLOCKS = YES;
				GCC_WARN_64_TO_32_BIT_CONVERSION = YES;
				GCC_WARN_ABOUT_RETURN_TYPE = YES_ERROR;
				GCC_WARN_UNDECLARED_SELECTOR = YES;
				GCC_WARN_UNINITIALIZED_AUTOS = YES_AGGRESSIVE;
				GCC_WARN_UNUSED_FUNCTION = YES;
				GCC_WARN_UNUSED_VARIABLE = YES;
				IPHONEOS_DEPLOYMENT_TARGET = 10.2;
				MTL_ENABLE_DEBUG_INFO = NO;
				SDKROOT = iphoneos;
				SWIFT_OPTIMIZATION_LEVEL = "-Owholemodule";
				TARGETED_DEVICE_FAMILY = "1,2";
				VALIDATE_PRODUCT = YES;
			};
			name = Release;
		};
		83FAEB3E1E2DEF300012C3F8 /* Debug */ = {
			isa = XCBuildConfiguration;
			buildSettings = {
				ASSETCATALOG_COMPILER_APPICON_NAME = AppIcon;
				DEVELOPMENT_TEAM = UZAPXQTVQ4;
				INFOPLIST_FILE = PolygonViewDemo/Info.plist;
				LD_RUNPATH_SEARCH_PATHS = "$(inherited) @executable_path/Frameworks";
				PRODUCT_BUNDLE_IDENTIFIER = com.robertmryan.PolygonViewDemo;
				PRODUCT_NAME = "$(TARGET_NAME)";
				SWIFT_VERSION = 3.0;
			};
			name = Debug;
		};
		83FAEB3F1E2DEF300012C3F8 /* Release */ = {
			isa = XCBuildConfiguration;
			buildSettings = {
				ASSETCATALOG_COMPILER_APPICON_NAME = AppIcon;
				DEVELOPMENT_TEAM = UZAPXQTVQ4;
				INFOPLIST_FILE = PolygonViewDemo/Info.plist;
				LD_RUNPATH_SEARCH_PATHS = "$(inherited) @executable_path/Frameworks";
				PRODUCT_BUNDLE_IDENTIFIER = com.robertmryan.PolygonViewDemo;
				PRODUCT_NAME = "$(TARGET_NAME)";
				SWIFT_VERSION = 3.0;
			};
			name = Release;
		};
/* End XCBuildConfiguration section */

/* Begin XCConfigurationList section */
		83FAEB261E2DEF300012C3F8 /* Build configuration list for PBXProject "PolygonViewDemo" */ = {
			isa = XCConfigurationList;
			buildConfigurations = (
				83FAEB3B1E2DEF300012C3F8 /* Debug */,
				83FAEB3C1E2DEF300012C3F8 /* Release */,
			);
			defaultConfigurationIsVisible = 0;
			defaultConfigurationName = Release;
		};
		83FAEB3D1E2DEF300012C3F8 /* Build configuration list for PBXNativeTarget "PolygonViewDemo" */ = {
			isa = XCConfigurationList;
			buildConfigurations = (
				83FAEB3E1E2DEF300012C3F8 /* Debug */,
				83FAEB3F1E2DEF300012C3F8 /* Release */,
			);
			defaultConfigurationIsVisible = 0;
		};
/* End XCConfigurationList section */
	};
	rootObject = 83FAEB231E2DEF300012C3F8 /* Project object */;
}
